
Microsoft Visual Studio Solution File, Format Version 12.00
# Visual Studio Version 17
VisualStudioVersion = 17.14.36518.9
MinimumVisualStudioVersion = 10.0.40219.1
Project("{FAE04EC0-301F-11D3-BF4B-00C04F79EFBC}") = "Knowball", "Knowball\Knowball.csproj", "{0512CF8E-AE3E-47B2-A84A-35B3EFEF34A3}"
EndProject
Project("{FAE04EC0-301F-11D3-BF4B-00C04F79EFBC}") = "Knowball.UI", "Knowball.UI\Knowball.UI.csproj", "{B8DC4AFC-389B-40ED-AB61-7434B9BAA701}"
EndProject
Global
	GlobalSection(SolutionConfigurationPlatforms) = preSolution
		Debug|Any CPU = Debug|Any CPU
		Release|Any CPU = Release|Any CPU
	EndGlobalSection
	GlobalSection(ProjectConfigurationPlatforms) = postSolution
		{0512CF8E-AE3E-47B2-A84A-35B3EFEF34A3}.Debug|Any CPU.ActiveCfg = Debug|Any CPU
		{0512CF8E-AE3E-47B2-A84A-35B3EFEF34A3}.Debug|Any CPU.Build.0 = Debug|Any CPU
		{0512CF8E-AE3E-47B2-A84A-35B3EFEF34A3}.Release|Any CPU.ActiveCfg = Release|Any CPU
		{0512CF8E-AE3E-47B2-A84A-35B3EFEF34A3}.Release|Any CPU.Build.0 = Release|Any CPU
		{B8DC4AFC-389B-40ED-AB61-7434B9BAA701}.Debug|Any CPU.ActiveCfg = Debug|Any CPU
		{B8DC4AFC-389B-40ED-AB61-7434B9BAA701}.Debug|Any CPU.Build.0 = Debug|Any CPU
		{B8DC4AFC-389B-40ED-AB61-7434B9BAA701}.Release|Any CPU.ActiveCfg = Release|Any CPU
		{B8DC4AFC-389B-40ED-AB61-7434B9BAA701}.Release|Any CPU.Build.0 = Release|Any CPU
	EndGlobalSection
	GlobalSection(SolutionProperties) = preSolution
		HideSolutionNode = FALSE
	EndGlobalSection
	GlobalSection(ExtensibilityGlobals) = postSolution
		SolutionGuid = {63623523-C3AC-4828-A0BE-1028C0596429}
	EndGlobalSection
EndGlobal
